
Microsoft Visual Studio Solution File, Format Version 12.00
# Visual Studio Version 17
VisualStudioVersion = 17.8.34330.188
MinimumVisualStudioVersion = 10.0.40219.1
Project("{FAE04EC0-301F-11D3-BF4B-00C04F79EFBC}") = "laba16", "laba16\laba16.csproj", "{94AE1A3C-8477-41C8-83EF-24F8A4BBF72E}"
EndProject
Global
	GlobalSection(SolutionConfigurationPlatforms) = preSolution
		Debug|Any CPU = Debug|Any CPU
		Release|Any CPU = Release|Any CPU
	EndGlobalSection
	GlobalSection(ProjectConfigurationPlatforms) = postSolution
		{94AE1A3C-8477-41C8-83EF-24F8A4BBF72E}.Debug|Any CPU.ActiveCfg = Debug|Any CPU
		{94AE1A3C-8477-41C8-83EF-24F8A4BBF72E}.Debug|Any CPU.Build.0 = Debug|Any CPU
		{94AE1A3C-8477-41C8-83EF-24F8A4BBF72E}.Release|Any CPU.ActiveCfg = Release|Any CPU
		{94AE1A3C-8477-41C8-83EF-24F8A4BBF72E}.Release|Any CPU.Build.0 = Release|Any CPU
	EndGlobalSection
	GlobalSection(SolutionProperties) = preSolution
		HideSolutionNode = FALSE
	EndGlobalSection
	GlobalSection(ExtensibilityGlobals) = postSolution
		SolutionGuid = {D7A093B5-18C0-499D-85D8-5AE0A72AE550}
	EndGlobalSection
EndGlobal
